
Microsoft Visual Studio Solution File, Format Version 12.00
# Visual Studio 15
VisualStudioVersion = 15.0.28010.2048
MinimumVisualStudioVersion = 10.0.40219.1
Project("{FAE04EC0-301F-11D3-BF4B-00C04F79EFBC}") = "FluentApiNet.Core", "..\FluentApiNet.Core\FluentApiNet.Core.csproj", "{CE85A20F-35A7-405E-9B06-87774D16F6FB}"
EndProject
Project("{FAE04EC0-301F-11D3-BF4B-00C04F79EFBC}") = "FluentApiNet.Abstract", "FluentApiNet.Abstract\FluentApiNet.Abstract.csproj", "{0774B5F3-A439-4807-B533-8D748B6770F5}"
EndProject
Global
	GlobalSection(SolutionConfigurationPlatforms) = preSolution
		Debug|Any CPU = Debug|Any CPU
		Release|Any CPU = Release|Any CPU
	EndGlobalSection
	GlobalSection(ProjectConfigurationPlatforms) = postSolution
		{CE85A20F-35A7-405E-9B06-87774D16F6FB}.Debug|Any CPU.ActiveCfg = Debug|Any CPU
		{CE85A20F-35A7-405E-9B06-87774D16F6FB}.Debug|Any CPU.Build.0 = Debug|Any CPU
		{CE85A20F-35A7-405E-9B06-87774D16F6FB}.Release|Any CPU.ActiveCfg = Release|Any CPU
		{CE85A20F-35A7-405E-9B06-87774D16F6FB}.Release|Any CPU.Build.0 = Release|Any CPU
		{0774B5F3-A439-4807-B533-8D748B6770F5}.Debug|Any CPU.ActiveCfg = Debug|Any CPU
		{0774B5F3-A439-4807-B533-8D748B6770F5}.Debug|Any CPU.Build.0 = Debug|Any CPU
		{0774B5F3-A439-4807-B533-8D748B6770F5}.Release|Any CPU.ActiveCfg = Release|Any CPU
		{0774B5F3-A439-4807-B533-8D748B6770F5}.Release|Any CPU.Build.0 = Release|Any CPU
	EndGlobalSection
	GlobalSection(SolutionProperties) = preSolution
		HideSolutionNode = FALSE
	EndGlobalSection
	GlobalSection(ExtensibilityGlobals) = postSolution
		SolutionGuid = {831C10D1-D555-4B49-AD23-123A25370CCC}
	EndGlobalSection
EndGlobal
